
Microsoft Visual Studio Solution File, Format Version 12.00
# Visual Studio 2013
VisualStudioVersion = 12.0.30723.0
MinimumVisualStudioVersion = 10.0.40219.1
Project("{FAE04EC0-301F-11D3-BF4B-00C04F79EFBC}") = "StockLibrary", "StockLibrary\StockLibrary.csproj", "{387B925D-EE95-4B6A-86F7-7F0FA4B5522D}"
EndProject
Project("{FAE04EC0-301F-11D3-BF4B-00C04F79EFBC}") = "StockLibraryTests", "StockLibraryTests\StockLibraryTests.csproj", "{8B7A7B96-AAAE-4047-A412-1A64A39F4DD8}"
EndProject
Global
	GlobalSection(SolutionConfigurationPlatforms) = preSolution
		Debug|Any CPU = Debug|Any CPU
		Release|Any CPU = Release|Any CPU
	EndGlobalSection
	GlobalSection(ProjectConfigurationPlatforms) = postSolution
		{387B925D-EE95-4B6A-86F7-7F0FA4B5522D}.Debug|Any CPU.ActiveCfg = Debug|Any CPU
		{387B925D-EE95-4B6A-86F7-7F0FA4B5522D}.Debug|Any CPU.Build.0 = Debug|Any CPU
		{387B925D-EE95-4B6A-86F7-7F0FA4B5522D}.Release|Any CPU.ActiveCfg = Release|Any CPU
		{387B925D-EE95-4B6A-86F7-7F0FA4B5522D}.Release|Any CPU.Build.0 = Release|Any CPU
		{8B7A7B96-AAAE-4047-A412-1A64A39F4DD8}.Debug|Any CPU.ActiveCfg = Debug|Any CPU
		{8B7A7B96-AAAE-4047-A412-1A64A39F4DD8}.Debug|Any CPU.Build.0 = Debug|Any CPU
		{8B7A7B96-AAAE-4047-A412-1A64A39F4DD8}.Release|Any CPU.ActiveCfg = Release|Any CPU
		{8B7A7B96-AAAE-4047-A412-1A64A39F4DD8}.Release|Any CPU.Build.0 = Release|Any CPU
	EndGlobalSection
	GlobalSection(SolutionProperties) = preSolution
		HideSolutionNode = FALSE
	EndGlobalSection
EndGlobal
